// !$*UTF8*$!
{
	archiveVersion = 1;
	classes = {
	};
	objectVersion = 50;
	objects = {

/* Begin PBXBuildFile section */
		A4D59B732084C46E002350B5 /* AppDelegate.swift in Sources */ = {isa = PBXBuildFile; fileRef = A4D59B722084C46E002350B5 /* AppDelegate.swift */; };
		A4D59B752084C46E002350B5 /* ViewController.swift in Sources */ = {isa = PBXBuildFile; fileRef = A4D59B742084C46E002350B5 /* ViewController.swift */; };
		A4D59B7B2084C46E002350B5 /* MontageCam.xcdatamodeld in Sources */ = {isa = PBXBuildFile; fileRef = A4D59B792084C46E002350B5 /* MontageCam.xcdatamodeld */; };
		A4D59B7D2084C46F002350B5 /* Assets.xcassets in Resources */ = {isa = PBXBuildFile; fileRef = A4D59B7C2084C46F002350B5 /* Assets.xcassets */; };
		A4D59B802084C46F002350B5 /* LaunchScreen.storyboard in Resources */ = {isa = PBXBuildFile; fileRef = A4D59B7E2084C46F002350B5 /* LaunchScreen.storyboard */; };
		A4D59B8B2084C46F002350B5 /* MontageCamTests.swift in Sources */ = {isa = PBXBuildFile; fileRef = A4D59B8A2084C46F002350B5 /* MontageCamTests.swift */; };
		A4D59B962084C46F002350B5 /* MontageCamUITests.swift in Sources */ = {isa = PBXBuildFile; fileRef = A4D59B952084C46F002350B5 /* MontageCamUITests.swift */; };
		A4F50D652084CD8C00E2E200 /* MovieWriter.swift in Sources */ = {isa = PBXBuildFile; fileRef = A4F50D622084CD8C00E2E200 /* MovieWriter.swift */; };
		A4F50D692084CDA900E2E200 /* Main.storyboard in Resources */ = {isa = PBXBuildFile; fileRef = A4F50D682084CDA900E2E200 /* Main.storyboard */; };
		A4F50DCF2084E13200E2E200 /* CloudKit.framework in Frameworks */ = {isa = PBXBuildFile; fileRef = A4F50DCE2084E13200E2E200 /* CloudKit.framework */; };
		A4F50E0B208501F100E2E200 /* Streamer.framework in Frameworks */ = {isa = PBXBuildFile; fileRef = A4F50E0A208501F100E2E200 /* Streamer.framework */; };
		A4F50E0C208501F100E2E200 /* Streamer.framework in Embed Frameworks */ = {isa = PBXBuildFile; fileRef = A4F50E0A208501F100E2E200 /* Streamer.framework */; settings = {ATTRIBUTES = (CodeSignOnCopy, RemoveHeadersOnCopy, ); }; };
		CC53BE52368293126CA95C88 /* Pods_MontageCam.framework in Frameworks */ = {isa = PBXBuildFile; fileRef = E1F73B1586E63B36B7EE356A /* Pods_MontageCam.framework */; };
/* End PBXBuildFile section */

/* Begin PBXContainerItemProxy section */
		A4D59B872084C46F002350B5 /* PBXContainerItemProxy */ = {
			isa = PBXContainerItemProxy;
			containerPortal = A4D59B672084C46E002350B5 /* Project object */;
			proxyType = 1;
			remoteGlobalIDString = A4D59B6E2084C46E002350B5;
			remoteInfo = MontageCam;
		};
		A4D59B922084C46F002350B5 /* PBXContainerItemProxy */ = {
			isa = PBXContainerItemProxy;
			containerPortal = A4D59B672084C46E002350B5 /* Project object */;
			proxyType = 1;
			remoteGlobalIDString = A4D59B6E2084C46E002350B5;
			remoteInfo = MontageCam;
		};
/* End PBXContainerItemProxy section */

/* Begin PBXCopyFilesBuildPhase section */
		A4F50E0D208501F100E2E200 /* Embed Frameworks */ = {
			isa = PBXCopyFilesBuildPhase;
			buildActionMask = 2147483647;
			dstPath = "";
			dstSubfolderSpec = 10;
			files = (
				A4F50E0C208501F100E2E200 /* Streamer.framework in Embed Frameworks */,
			);
			name = "Embed Frameworks";
			runOnlyForDeploymentPostprocessing = 0;
		};
/* End PBXCopyFilesBuildPhase section */

/* Begin PBXFileReference section */
		20A170AC2B0DB3509BBBC846 /* Pods-MontageCam.release.xcconfig */ = {isa = PBXFileReference; includeInIndex = 1; lastKnownFileType = text.xcconfig; name = "Pods-MontageCam.release.xcconfig"; path = "../Pods/Target Support Files/Pods-MontageCam/Pods-MontageCam.release.xcconfig"; sourceTree = "<group>"; };
		61E7D079743F2B483A1E2822 /* Pods-MontageCam.debug.xcconfig */ = {isa = PBXFileReference; includeInIndex = 1; lastKnownFileType = text.xcconfig; name = "Pods-MontageCam.debug.xcconfig"; path = "../Pods/Target Support Files/Pods-MontageCam/Pods-MontageCam.debug.xcconfig"; sourceTree = "<group>"; };
		A4D59B6F2084C46E002350B5 /* MontageCam.app */ = {isa = PBXFileReference; explicitFileType = wrapper.application; includeInIndex = 0; path = MontageCam.app; sourceTree = BUILT_PRODUCTS_DIR; };
		A4D59B722084C46E002350B5 /* AppDelegate.swift */ = {isa = PBXFileReference; lastKnownFileType = sourcecode.swift; path = AppDelegate.swift; sourceTree = "<group>"; };
		A4D59B742084C46E002350B5 /* ViewController.swift */ = {isa = PBXFileReference; lastKnownFileType = sourcecode.swift; path = ViewController.swift; sourceTree = "<group>"; };
		A4D59B7A2084C46E002350B5 /* MontageCam.xcdatamodel */ = {isa = PBXFileReference; lastKnownFileType = wrapper.xcdatamodel; path = MontageCam.xcdatamodel; sourceTree = "<group>"; };
		A4D59B7C2084C46F002350B5 /* Assets.xcassets */ = {isa = PBXFileReference; lastKnownFileType = folder.assetcatalog; path = Assets.xcassets; sourceTree = "<group>"; };
		A4D59B7F2084C46F002350B5 /* Base */ = {isa = PBXFileReference; lastKnownFileType = file.storyboard; name = Base; path = Base.lproj/LaunchScreen.storyboard; sourceTree = "<group>"; };
		A4D59B812084C46F002350B5 /* Info.plist */ = {isa = PBXFileReference; lastKnownFileType = text.plist.xml; path = Info.plist; sourceTree = "<group>"; };
		A4D59B862084C46F002350B5 /* MontageCamTests.xctest */ = {isa = PBXFileReference; explicitFileType = wrapper.cfbundle; includeInIndex = 0; path = MontageCamTests.xctest; sourceTree = BUILT_PRODUCTS_DIR; };
		A4D59B8A2084C46F002350B5 /* MontageCamTests.swift */ = {isa = PBXFileReference; lastKnownFileType = sourcecode.swift; path = MontageCamTests.swift; sourceTree = "<group>"; };
		A4D59B8C2084C46F002350B5 /* Info.plist */ = {isa = PBXFileReference; lastKnownFileType = text.plist.xml; path = Info.plist; sourceTree = "<group>"; };
		A4D59B912084C46F002350B5 /* MontageCamUITests.xctest */ = {isa = PBXFileReference; explicitFileType = wrapper.cfbundle; includeInIndex = 0; path = MontageCamUITests.xctest; sourceTree = BUILT_PRODUCTS_DIR; };
		A4D59B952084C46F002350B5 /* MontageCamUITests.swift */ = {isa = PBXFileReference; lastKnownFileType = sourcecode.swift; path = MontageCamUITests.swift; sourceTree = "<group>"; };
		A4D59B972084C46F002350B5 /* Info.plist */ = {isa = PBXFileReference; lastKnownFileType = text.plist.xml; path = Info.plist; sourceTree = "<group>"; };
		A4F50D622084CD8C00E2E200 /* MovieWriter.swift */ = {isa = PBXFileReference; fileEncoding = 4; lastKnownFileType = sourcecode.swift; path = MovieWriter.swift; sourceTree = "<group>"; };
		A4F50D682084CDA900E2E200 /* Main.storyboard */ = {isa = PBXFileReference; fileEncoding = 4; lastKnownFileType = file.storyboard; path = Main.storyboard; sourceTree = "<group>"; };
		A4F50DCD2084E11900E2E200 /* MontageCam.entitlements */ = {isa = PBXFileReference; lastKnownFileType = text.plist.entitlements; path = MontageCam.entitlements; sourceTree = "<group>"; };
		A4F50DCE2084E13200E2E200 /* CloudKit.framework */ = {isa = PBXFileReference; lastKnownFileType = wrapper.framework; name = CloudKit.framework; path = System/Library/Frameworks/CloudKit.framework; sourceTree = SDKROOT; };
		A4F50E0A208501F100E2E200 /* Streamer.framework */ = {isa = PBXFileReference; explicitFileType = wrapper.framework; path = Streamer.framework; sourceTree = BUILT_PRODUCTS_DIR; };
		E1F73B1586E63B36B7EE356A /* Pods_MontageCam.framework */ = {isa = PBXFileReference; explicitFileType = wrapper.framework; includeInIndex = 0; path = Pods_MontageCam.framework; sourceTree = BUILT_PRODUCTS_DIR; };
/* End PBXFileReference section */

/* Begin PBXFrameworksBuildPhase section */
		A4D59B6C2084C46E002350B5 /* Frameworks */ = {
			isa = PBXFrameworksBuildPhase;
			buildActionMask = 2147483647;
			files = (
				A4F50E0B208501F100E2E200 /* Streamer.framework in Frameworks */,
				CC53BE52368293126CA95C88 /* Pods_MontageCam.framework in Frameworks */,
				A4F50DCF2084E13200E2E200 /* CloudKit.framework in Frameworks */,
			);
			runOnlyForDeploymentPostprocessing = 0;
		};
		A4D59B832084C46F002350B5 /* Frameworks */ = {
			isa = PBXFrameworksBuildPhase;
			buildActionMask = 2147483647;
			files = (
			);
			runOnlyForDeploymentPostprocessing = 0;
		};
		A4D59B8E2084C46F002350B5 /* Frameworks */ = {
			isa = PBXFrameworksBuildPhase;
			buildActionMask = 2147483647;
			files = (
			);
			runOnlyForDeploymentPostprocessing = 0;
		};
/* End PBXFrameworksBuildPhase section */

/* Begin PBXGroup section */
		01515451710439212B282813 /* Frameworks */ = {
			isa = PBXGroup;
			children = (
				A4F50DCE2084E13200E2E200 /* CloudKit.framework */,
				E1F73B1586E63B36B7EE356A /* Pods_MontageCam.framework */,
			);
			name = Frameworks;
			sourceTree = "<group>";
		};
		A4D59B662084C46E002350B5 = {
			isa = PBXGroup;
			children = (
				A4F50E0A208501F100E2E200 /* Streamer.framework */,
				A4D59B712084C46E002350B5 /* MontageCam */,
				A4D59B892084C46F002350B5 /* MontageCamTests */,
				A4D59B942084C46F002350B5 /* MontageCamUITests */,
				A4D59B702084C46E002350B5 /* Products */,
				CBCCC681C052D031454BE9C1 /* Pods */,
				01515451710439212B282813 /* Frameworks */,
			);
			sourceTree = "<group>";
		};
		A4D59B702084C46E002350B5 /* Products */ = {
			isa = PBXGroup;
			children = (
				A4D59B6F2084C46E002350B5 /* MontageCam.app */,
				A4D59B862084C46F002350B5 /* MontageCamTests.xctest */,
				A4D59B912084C46F002350B5 /* MontageCamUITests.xctest */,
			);
			name = Products;
			sourceTree = "<group>";
		};
		A4D59B712084C46E002350B5 /* MontageCam */ = {
			isa = PBXGroup;
			children = (
				A4F50DCD2084E11900E2E200 /* MontageCam.entitlements */,
				A4D59B722084C46E002350B5 /* AppDelegate.swift */,
				A4D59B742084C46E002350B5 /* ViewController.swift */,
				A4F50D622084CD8C00E2E200 /* MovieWriter.swift */,
				A4F50D682084CDA900E2E200 /* Main.storyboard */,
				A4D59B7C2084C46F002350B5 /* Assets.xcassets */,
				A4D59B7E2084C46F002350B5 /* LaunchScreen.storyboard */,
				A4D59B812084C46F002350B5 /* Info.plist */,
				A4D59B792084C46E002350B5 /* MontageCam.xcdatamodeld */,
			);
			path = MontageCam;
			sourceTree = "<group>";
		};
		A4D59B892084C46F002350B5 /* MontageCamTests */ = {
			isa = PBXGroup;
			children = (
				A4D59B8A2084C46F002350B5 /* MontageCamTests.swift */,
				A4D59B8C2084C46F002350B5 /* Info.plist */,
			);
			path = MontageCamTests;
			sourceTree = "<group>";
		};
		A4D59B942084C46F002350B5 /* MontageCamUITests */ = {
			isa = PBXGroup;
			children = (
				A4D59B952084C46F002350B5 /* MontageCamUITests.swift */,
				A4D59B972084C46F002350B5 /* Info.plist */,
			);
			path = MontageCamUITests;
			sourceTree = "<group>";
		};
		CBCCC681C052D031454BE9C1 /* Pods */ = {
			isa = PBXGroup;
			children = (
				61E7D079743F2B483A1E2822 /* Pods-MontageCam.debug.xcconfig */,
				20A170AC2B0DB3509BBBC846 /* Pods-MontageCam.release.xcconfig */,
			);
			name = Pods;
			sourceTree = "<group>";
		};
/* End PBXGroup section */

/* Begin PBXNativeTarget section */
		A4D59B6E2084C46E002350B5 /* MontageCam */ = {
			isa = PBXNativeTarget;
			buildConfigurationList = A4D59B9A2084C46F002350B5 /* Build configuration list for PBXNativeTarget "MontageCam" */;
			buildPhases = (
				7F1B6DA39B88AC4FE7DAB652 /* [CP] Check Pods Manifest.lock */,
				A4D59B6B2084C46E002350B5 /* Sources */,
				A4D59B6C2084C46E002350B5 /* Frameworks */,
				A4D59B6D2084C46E002350B5 /* Resources */,
				2C0638CFCEDDCA2CF7DD82AC /* [CP] Embed Pods Frameworks */,
				A4F50E0D208501F100E2E200 /* Embed Frameworks */,
			);
			buildRules = (
			);
			dependencies = (
			);
			name = MontageCam;
			productName = MontageCam;
			productReference = A4D59B6F2084C46E002350B5 /* MontageCam.app */;
			productType = "com.apple.product-type.application";
		};
		A4D59B852084C46F002350B5 /* MontageCamTests */ = {
			isa = PBXNativeTarget;
			buildConfigurationList = A4D59B9D2084C46F002350B5 /* Build configuration list for PBXNativeTarget "MontageCamTests" */;
			buildPhases = (
				A4D59B822084C46F002350B5 /* Sources */,
				A4D59B832084C46F002350B5 /* Frameworks */,
				A4D59B842084C46F002350B5 /* Resources */,
			);
			buildRules = (
			);
			dependencies = (
				A4D59B882084C46F002350B5 /* PBXTargetDependency */,
			);
			name = MontageCamTests;
			productName = MontageCamTests;
			productReference = A4D59B862084C46F002350B5 /* MontageCamTests.xctest */;
			productType = "com.apple.product-type.bundle.unit-test";
		};
		A4D59B902084C46F002350B5 /* MontageCamUITests */ = {
			isa = PBXNativeTarget;
			buildConfigurationList = A4D59BA02084C46F002350B5 /* Build configuration list for PBXNativeTarget "MontageCamUITests" */;
			buildPhases = (
				A4D59B8D2084C46F002350B5 /* Sources */,
				A4D59B8E2084C46F002350B5 /* Frameworks */,
				A4D59B8F2084C46F002350B5 /* Resources */,
			);
			buildRules = (
			);
			dependencies = (
				A4D59B932084C46F002350B5 /* PBXTargetDependency */,
			);
			name = MontageCamUITests;
			productName = MontageCamUITests;
			productReference = A4D59B912084C46F002350B5 /* MontageCamUITests.xctest */;
			productType = "com.apple.product-type.bundle.ui-testing";
		};
/* End PBXNativeTarget section */

/* Begin PBXProject section */
		A4D59B672084C46E002350B5 /* Project object */ = {
			isa = PBXProject;
			attributes = {
				LastSwiftUpdateCheck = 0930;
				LastUpgradeCheck = 0930;
				ORGANIZATIONNAME = ExSitu;
				TargetAttributes = {
					A4D59B6E2084C46E002350B5 = {
						CreatedOnToolsVersion = 9.3;
						SystemCapabilities = {
							com.apple.Push = {
								enabled = 1;
							};
							com.apple.iCloud = {
								enabled = 1;
							};
						};
					};
					A4D59B852084C46F002350B5 = {
						CreatedOnToolsVersion = 9.3;
						TestTargetID = A4D59B6E2084C46E002350B5;
					};
					A4D59B902084C46F002350B5 = {
						CreatedOnToolsVersion = 9.3;
						TestTargetID = A4D59B6E2084C46E002350B5;
					};
				};
			};
			buildConfigurationList = A4D59B6A2084C46E002350B5 /* Build configuration list for PBXProject "MontageCam" */;
			compatibilityVersion = "Xcode 9.3";
			developmentRegion = en;
			hasScannedForEncodings = 0;
			knownRegions = (
				en,
				Base,
			);
			mainGroup = A4D59B662084C46E002350B5;
			productRefGroup = A4D59B702084C46E002350B5 /* Products */;
			projectDirPath = "";
			projectRoot = "";
			targets = (
				A4D59B6E2084C46E002350B5 /* MontageCam */,
				A4D59B852084C46F002350B5 /* MontageCamTests */,
				A4D59B902084C46F002350B5 /* MontageCamUITests */,
			);
		};
/* End PBXProject section */

/* Begin PBXResourcesBuildPhase section */
		A4D59B6D2084C46E002350B5 /* Resources */ = {
			isa = PBXResourcesBuildPhase;
			buildActionMask = 2147483647;
			files = (
				A4F50D692084CDA900E2E200 /* Main.storyboard in Resources */,
				A4D59B802084C46F002350B5 /* LaunchScreen.storyboard in Resources */,
				A4D59B7D2084C46F002350B5 /* Assets.xcassets in Resources */,
			);
			runOnlyForDeploymentPostprocessing = 0;
		};
		A4D59B842084C46F002350B5 /* Resources */ = {
			isa = PBXResourcesBuildPhase;
			buildActionMask = 2147483647;
			files = (
			);
			runOnlyForDeploymentPostprocessing = 0;
		};
		A4D59B8F2084C46F002350B5 /* Resources */ = {
			isa = PBXResourcesBuildPhase;
			buildActionMask = 2147483647;
			files = (
			);
			runOnlyForDeploymentPostprocessing = 0;
		};
/* End PBXResourcesBuildPhase section */

/* Begin PBXShellScriptBuildPhase section */
		2C0638CFCEDDCA2CF7DD82AC /* [CP] Embed Pods Frameworks */ = {
			isa = PBXShellScriptBuildPhase;
			buildActionMask = 2147483647;
			files = (
			);
			inputPaths = (
				"${SRCROOT}/../Pods/Target Support Files/Pods-MontageCam/Pods-MontageCam-frameworks.sh",
				"${BUILT_PRODUCTS_DIR}/CocoaAsyncSocket/CocoaAsyncSocket.framework",
				"${BUILT_PRODUCTS_DIR}/MBProgressHUD/MBProgressHUD.framework",
				"${BUILT_PRODUCTS_DIR}/NHNetworkTime/NHNetworkTime.framework",
			);
			name = "[CP] Embed Pods Frameworks";
			outputPaths = (
				"${TARGET_BUILD_DIR}/${FRAMEWORKS_FOLDER_PATH}/CocoaAsyncSocket.framework",
				"${TARGET_BUILD_DIR}/${FRAMEWORKS_FOLDER_PATH}/MBProgressHUD.framework",
				"${TARGET_BUILD_DIR}/${FRAMEWORKS_FOLDER_PATH}/NHNetworkTime.framework",
			);
			runOnlyForDeploymentPostprocessing = 0;
			shellPath = /bin/sh;
			shellScript = "\"${SRCROOT}/../Pods/Target Support Files/Pods-MontageCam/Pods-MontageCam-frameworks.sh\"\n";
			showEnvVarsInLog = 0;
		};
		7F1B6DA39B88AC4FE7DAB652 /* [CP] Check Pods Manifest.lock */ = {
			isa = PBXShellScriptBuildPhase;
			buildActionMask = 2147483647;
			files = (
			);
			inputPaths = (
				"${PODS_PODFILE_DIR_PATH}/Podfile.lock",
				"${PODS_ROOT}/Manifest.lock",
			);
			name = "[CP] Check Pods Manifest.lock";
			outputPaths = (
				"$(DERIVED_FILE_DIR)/Pods-MontageCam-checkManifestLockResult.txt",
			);
			runOnlyForDeploymentPostprocessing = 0;
			shellPath = /bin/sh;
			shellScript = "diff \"${PODS_PODFILE_DIR_PATH}/Podfile.lock\" \"${PODS_ROOT}/Manifest.lock\" > /dev/null\nif [ $? != 0 ] ; then\n    # print error to STDERR\n    echo \"error: The sandbox is not in sync with the Podfile.lock. Run 'pod install' or update your CocoaPods installation.\" >&2\n    exit 1\nfi\n# This output is used by Xcode 'outputs' to avoid re-running this script phase.\necho \"SUCCESS\" > \"${SCRIPT_OUTPUT_FILE_0}\"\n";
			showEnvVarsInLog = 0;
		};
/* End PBXShellScriptBuildPhase section */

/* Begin PBXSourcesBuildPhase section */
		A4D59B6B2084C46E002350B5 /* Sources */ = {
			isa = PBXSourcesBuildPhase;
			buildActionMask = 2147483647;
			files = (
				A4D59B752084C46E002350B5 /* ViewController.swift in Sources */,
				A4F50D652084CD8C00E2E200 /* MovieWriter.swift in Sources */,
				A4D59B7B2084C46E002350B5 /* MontageCam.xcdatamodeld in Sources */,
				A4D59B732084C46E002350B5 /* AppDelegate.swift in Sources */,
			);
			runOnlyForDeploymentPostprocessing = 0;
		};
		A4D59B822084C46F002350B5 /* Sources */ = {
			isa = PBXSourcesBuildPhase;
			buildActionMask = 2147483647;
			files = (
				A4D59B8B2084C46F002350B5 /* MontageCamTests.swift in Sources */,
			);
			runOnlyForDeploymentPostprocessing = 0;
		};
		A4D59B8D2084C46F002350B5 /* Sources */ = {
			isa = PBXSourcesBuildPhase;
			buildActionMask = 2147483647;
			files = (
				A4D59B962084C46F002350B5 /* MontageCamUITests.swift in Sources */,
			);
			runOnlyForDeploymentPostprocessing = 0;
		};
/* End PBXSourcesBuildPhase section */

/* Begin PBXTargetDependency section */
		A4D59B882084C46F002350B5 /* PBXTargetDependency */ = {
			isa = PBXTargetDependency;
			target = A4D59B6E2084C46E002350B5 /* MontageCam */;
			targetProxy = A4D59B872084C46F002350B5 /* PBXContainerItemProxy */;
		};
		A4D59B932084C46F002350B5 /* PBXTargetDependency */ = {
			isa = PBXTargetDependency;
			target = A4D59B6E2084C46E002350B5 /* MontageCam */;
			targetProxy = A4D59B922084C46F002350B5 /* PBXContainerItemProxy */;
		};
/* End PBXTargetDependency section */

/* Begin PBXVariantGroup section */
		A4D59B7E2084C46F002350B5 /* LaunchScreen.storyboard */ = {
			isa = PBXVariantGroup;
			children = (
				A4D59B7F2084C46F002350B5 /* Base */,
			);
			name = LaunchScreen.storyboard;
			sourceTree = "<group>";
		};
/* End PBXVariantGroup section */

/* Begin XCBuildConfiguration section */
		A4D59B982084C46F002350B5 /* Debug */ = {
			isa = XCBuildConfiguration;
			buildSettings = {
				ALWAYS_SEARCH_USER_PATHS = NO;
				CLANG_ANALYZER_NONNULL = YES;
				CLANG_ANALYZER_NUMBER_OBJECT_CONVERSION = YES_AGGRESSIVE;
				CLANG_CXX_LANGUAGE_STANDARD = "gnu++14";
				CLANG_CXX_LIBRARY = "libc++";
				CLANG_ENABLE_MODULES = YES;
				CLANG_ENABLE_OBJC_ARC = YES;
				CLANG_ENABLE_OBJC_WEAK = YES;
				CLANG_WARN_BLOCK_CAPTURE_AUTORELEASING = YES;
				CLANG_WARN_BOOL_CONVERSION = YES;
				CLANG_WARN_COMMA = YES;
				CLANG_WARN_CONSTANT_CONVERSION = YES;
				CLANG_WARN_DEPRECATED_OBJC_IMPLEMENTATIONS = YES;
				CLANG_WARN_DIRECT_OBJC_ISA_USAGE = YES_ERROR;
				CLANG_WARN_DOCUMENTATION_COMMENTS = YES;
				CLANG_WARN_EMPTY_BODY = YES;
				CLANG_WARN_ENUM_CONVERSION = YES;
				CLANG_WARN_INFINITE_RECURSION = YES;
				CLANG_WARN_INT_CONVERSION = YES;
				CLANG_WARN_NON_LITERAL_NULL_CONVERSION = YES;
				CLANG_WARN_OBJC_IMPLICIT_RETAIN_SELF = YES;
				CLANG_WARN_OBJC_LITERAL_CONVERSION = YES;
				CLANG_WARN_OBJC_ROOT_CLASS = YES_ERROR;
				CLANG_WARN_RANGE_LOOP_ANALYSIS = YES;
				CLANG_WARN_STRICT_PROTOTYPES = YES;
				CLANG_WARN_SUSPICIOUS_MOVE = YES;
				CLANG_WARN_UNGUARDED_AVAILABILITY = YES_AGGRESSIVE;
				CLANG_WARN_UNREACHABLE_CODE = YES;
				CLANG_WARN__DUPLICATE_METHOD_MATCH = YES;
				CODE_SIGN_IDENTITY = "iPhone Developer";
				COPY_PHASE_STRIP = NO;
				DEBUG_INFORMATION_FORMAT = dwarf;
				ENABLE_STRICT_OBJC_MSGSEND = YES;
				ENABLE_TESTABILITY = YES;
				GCC_C_LANGUAGE_STANDARD = gnu11;
				GCC_DYNAMIC_NO_PIC = NO;
				GCC_NO_COMMON_BLOCKS = YES;
				GCC_OPTIMIZATION_LEVEL = 0;
				GCC_PREPROCESSOR_DEFINITIONS = (
					"DEBUG=1",
					"$(inherited)",
				);
				GCC_WARN_64_TO_32_BIT_CONVERSION = YES;
				GCC_WARN_ABOUT_RETURN_TYPE = YES_ERROR;
				GCC_WARN_UNDECLARED_SELECTOR = YES;
				GCC_WARN_UNINITIALIZED_AUTOS = YES_AGGRESSIVE;
				GCC_WARN_UNUSED_FUNCTION = YES;
				GCC_WARN_UNUSED_VARIABLE = YES;
				IPHONEOS_DEPLOYMENT_TARGET = 11.3;
				MTL_ENABLE_DEBUG_INFO = YES;
				ONLY_ACTIVE_ARCH = YES;
				SDKROOT = iphoneos;
				SWIFT_ACTIVE_COMPILATION_CONDITIONS = DEBUG;
				SWIFT_OPTIMIZATION_LEVEL = "-Onone";
			};
			name = Debug;
		};
		A4D59B992084C46F002350B5 /* Release */ = {
			isa = XCBuildConfiguration;
			buildSettings = {
				ALWAYS_SEARCH_USER_PATHS = NO;
				CLANG_ANALYZER_NONNULL = YES;
				CLANG_ANALYZER_NUMBER_OBJECT_CONVERSION = YES_AGGRESSIVE;
				CLANG_CXX_LANGUAGE_STANDARD = "gnu++14";
				CLANG_CXX_LIBRARY = "libc++";
				CLANG_ENABLE_MODULES = YES;
				CLANG_ENABLE_OBJC_ARC = YES;
				CLANG_ENABLE_OBJC_WEAK = YES;
				CLANG_WARN_BLOCK_CAPTURE_AUTORELEASING = YES;
				CLANG_WARN_BOOL_CONVERSION = YES;
				CLANG_WARN_COMMA = YES;
				CLANG_WARN_CONSTANT_CONVERSION = YES;
				CLANG_WARN_DEPRECATED_OBJC_IMPLEMENTATIONS = YES;
				CLANG_WARN_DIRECT_OBJC_ISA_USAGE = YES_ERROR;
				CLANG_WARN_DOCUMENTATION_COMMENTS = YES;
				CLANG_WARN_EMPTY_BODY = YES;
				CLANG_WARN_ENUM_CONVERSION = YES;
				CLANG_WARN_INFINITE_RECURSION = YES;
				CLANG_WARN_INT_CONVERSION = YES;
				CLANG_WARN_NON_LITERAL_NULL_CONVERSION = YES;
				CLANG_WARN_OBJC_IMPLICIT_RETAIN_SELF = YES;
				CLANG_WARN_OBJC_LITERAL_CONVERSION = YES;
				CLANG_WARN_OBJC_ROOT_CLASS = YES_ERROR;
				CLANG_WARN_RANGE_LOOP_ANALYSIS = YES;
				CLANG_WARN_STRICT_PROTOTYPES = YES;
				CLANG_WARN_SUSPICIOUS_MOVE = YES;
				CLANG_WARN_UNGUARDED_AVAILABILITY = YES_AGGRESSIVE;
				CLANG_WARN_UNREACHABLE_CODE = YES;
				CLANG_WARN__DUPLICATE_METHOD_MATCH = YES;
				CODE_SIGN_IDENTITY = "iPhone Developer";
				COPY_PHASE_STRIP = NO;
				DEBUG_INFORMATION_FORMAT = "dwarf-with-dsym";
				ENABLE_NS_ASSERTIONS = NO;
				ENABLE_STRICT_OBJC_MSGSEND = YES;
				GCC_C_LANGUAGE_STANDARD = gnu11;
				GCC_NO_COMMON_BLOCKS = YES;
				GCC_WARN_64_TO_32_BIT_CONVERSION = YES;
				GCC_WARN_ABOUT_RETURN_TYPE = YES_ERROR;
				GCC_WARN_UNDECLARED_SELECTOR = YES;
				GCC_WARN_UNINITIALIZED_AUTOS = YES_AGGRESSIVE;
				GCC_WARN_UNUSED_FUNCTION = YES;
				GCC_WARN_UNUSED_VARIABLE = YES;
				IPHONEOS_DEPLOYMENT_TARGET = 11.3;
				MTL_ENABLE_DEBUG_INFO = NO;
				SDKROOT = iphoneos;
				SWIFT_COMPILATION_MODE = wholemodule;
				SWIFT_OPTIMIZATION_LEVEL = "-O";
				VALIDATE_PRODUCT = YES;
			};
			name = Release;
		};
		A4D59B9B2084C46F002350B5 /* Debug */ = {
			isa = XCBuildConfiguration;
			baseConfigurationReference = 61E7D079743F2B483A1E2822 /* Pods-MontageCam.debug.xcconfig */;
			buildSettings = {
				ASSETCATALOG_COMPILER_APPICON_NAME = AppIcon;
				CODE_SIGN_ENTITLEMENTS = MontageCam/MontageCam.entitlements;
				CODE_SIGN_STYLE = Automatic;
				DEVELOPMENT_TEAM = 7HVPEZWBRD;
				INFOPLIST_FILE = MontageCam/Info.plist;
				IPHONEOS_DEPLOYMENT_TARGET = 11.3;
				LD_RUNPATH_SEARCH_PATHS = "$(inherited) @executable_path/Frameworks";
				PRODUCT_BUNDLE_IDENTIFIER = "ex-situ.lri.fr.MontageCam";
				PRODUCT_NAME = "$(TARGET_NAME)";
				SWIFT_VERSION = 4.0;
				TARGETED_DEVICE_FAMILY = "1,2";
			};
			name = Debug;
		};
		A4D59B9C2084C46F002350B5 /* Release */ = {
			isa = XCBuildConfiguration;
			baseConfigurationReference = 20A170AC2B0DB3509BBBC846 /* Pods-MontageCam.release.xcconfig */;
			buildSettings = {
				ASSETCATALOG_COMPILER_APPICON_NAME = AppIcon;
				CODE_SIGN_ENTITLEMENTS = MontageCam/MontageCam.entitlements;
				CODE_SIGN_STYLE = Automatic;
				DEVELOPMENT_TEAM = 7HVPEZWBRD;
				INFOPLIST_FILE = MontageCam/Info.plist;
				IPHONEOS_DEPLOYMENT_TARGET = 11.3;
				LD_RUNPATH_SEARCH_PATHS = "$(inherited) @executable_path/Frameworks";
				PRODUCT_BUNDLE_IDENTIFIER = "ex-situ.lri.fr.MontageCam";
				PRODUCT_NAME = "$(TARGET_NAME)";
				SWIFT_VERSION = 4.0;
				TARGETED_DEVICE_FAMILY = "1,2";
			};
			name = Release;
		};
		A4D59B9E2084C46F002350B5 /* Debug */ = {
			isa = XCBuildConfiguration;
			buildSettings = {
				ALWAYS_EMBED_SWIFT_STANDARD_LIBRARIES = YES;
				BUNDLE_LOADER = "$(TEST_HOST)";
				CODE_SIGN_STYLE = Automatic;
				DEVELOPMENT_TEAM = 7HVPEZWBRD;
				INFOPLIST_FILE = MontageCamTests/Info.plist;
				LD_RUNPATH_SEARCH_PATHS = "$(inherited) @executable_path/Frameworks @loader_path/Frameworks";
				PRODUCT_BUNDLE_IDENTIFIER = "ex-situ.lri.fr.MontageCamTests";
				PRODUCT_NAME = "$(TARGET_NAME)";
				SWIFT_VERSION = 4.0;
				TARGETED_DEVICE_FAMILY = "1,2";
				TEST_HOST = "$(BUILT_PRODUCTS_DIR)/MontageCam.app/MontageCam";
			};
			name = Debug;
		};
		A4D59B9F2084C46F002350B5 /* Release */ = {
			isa = XCBuildConfiguration;
			buildSettings = {
				ALWAYS_EMBED_SWIFT_STANDARD_LIBRARIES = YES;
				BUNDLE_LOADER = "$(TEST_HOST)";
				CODE_SIGN_STYLE = Automatic;
				DEVELOPMENT_TEAM = 7HVPEZWBRD;
				INFOPLIST_FILE = MontageCamTests/Info.plist;
				LD_RUNPATH_SEARCH_PATHS = "$(inherited) @executable_path/Frameworks @loader_path/Frameworks";
				PRODUCT_BUNDLE_IDENTIFIER = "ex-situ.lri.fr.MontageCamTests";
				PRODUCT_NAME = "$(TARGET_NAME)";
				SWIFT_VERSION = 4.0;
				TARGETED_DEVICE_FAMILY = "1,2";
				TEST_HOST = "$(BUILT_PRODUCTS_DIR)/MontageCam.app/MontageCam";
			};
			name = Release;
		};
		A4D59BA12084C46F002350B5 /* Debug */ = {
			isa = XCBuildConfiguration;
			buildSettings = {
				ALWAYS_EMBED_SWIFT_STANDARD_LIBRARIES = YES;
				CODE_SIGN_STYLE = Automatic;
				DEVELOPMENT_TEAM = 7HVPEZWBRD;
				INFOPLIST_FILE = MontageCamUITests/Info.plist;
				LD_RUNPATH_SEARCH_PATHS = "$(inherited) @executable_path/Frameworks @loader_path/Frameworks";
				PRODUCT_BUNDLE_IDENTIFIER = "ex-situ.lri.fr.MontageCamUITests";
				PRODUCT_NAME = "$(TARGET_NAME)";
				SWIFT_VERSION = 4.0;
				TARGETED_DEVICE_FAMILY = "1,2";
				TEST_TARGET_NAME = MontageCam;
			};
			name = Debug;
		};
		A4D59BA22084C46F002350B5 /* Release */ = {
			isa = XCBuildConfiguration;
			buildSettings = {
				ALWAYS_EMBED_SWIFT_STANDARD_LIBRARIES = YES;
				CODE_SIGN_STYLE = Automatic;
				DEVELOPMENT_TEAM = 7HVPEZWBRD;
				INFOPLIST_FILE = MontageCamUITests/Info.plist;
				LD_RUNPATH_SEARCH_PATHS = "$(inherited) @executable_path/Frameworks @loader_path/Frameworks";
				PRODUCT_BUNDLE_IDENTIFIER = "ex-situ.lri.fr.MontageCamUITests";
				PRODUCT_NAME = "$(TARGET_NAME)";
				SWIFT_VERSION = 4.0;
				TARGETED_DEVICE_FAMILY = "1,2";
				TEST_TARGET_NAME = MontageCam;
			};
			name = Release;
		};
/* End XCBuildConfiguration section */

/* Begin XCConfigurationList section */
		A4D59B6A2084C46E002350B5 /* Build configuration list for PBXProject "MontageCam" */ = {
			isa = XCConfigurationList;
			buildConfigurations = (
				A4D59B982084C46F002350B5 /* Debug */,
				A4D59B992084C46F002350B5 /* Release */,
			);
			defaultConfigurationIsVisible = 0;
			defaultConfigurationName = Release;
		};
		A4D59B9A2084C46F002350B5 /* Build configuration list for PBXNativeTarget "MontageCam" */ = {
			isa = XCConfigurationList;
			buildConfigurations = (
				A4D59B9B2084C46F002350B5 /* Debug */,
				A4D59B9C2084C46F002350B5 /* Release */,
			);
			defaultConfigurationIsVisible = 0;
			defaultConfigurationName = Release;
		};
		A4D59B9D2084C46F002350B5 /* Build configuration list for PBXNativeTarget "MontageCamTests" */ = {
			isa = XCConfigurationList;
			buildConfigurations = (
				A4D59B9E2084C46F002350B5 /* Debug */,
				A4D59B9F2084C46F002350B5 /* Release */,
			);
			defaultConfigurationIsVisible = 0;
			defaultConfigurationName = Release;
		};
		A4D59BA02084C46F002350B5 /* Build configuration list for PBXNativeTarget "MontageCamUITests" */ = {
			isa = XCConfigurationList;
			buildConfigurations = (
				A4D59BA12084C46F002350B5 /* Debug */,
				A4D59BA22084C46F002350B5 /* Release */,
			);
			defaultConfigurationIsVisible = 0;
			defaultConfigurationName = Release;
		};
/* End XCConfigurationList section */

/* Begin XCVersionGroup section */
		A4D59B792084C46E002350B5 /* MontageCam.xcdatamodeld */ = {
			isa = XCVersionGroup;
			children = (
				A4D59B7A2084C46E002350B5 /* MontageCam.xcdatamodel */,
			);
			currentVersion = A4D59B7A2084C46E002350B5 /* MontageCam.xcdatamodel */;
			path = MontageCam.xcdatamodeld;
			sourceTree = "<group>";
			versionGroupType = wrapper.xcdatamodel;
		};
/* End XCVersionGroup section */
	};
	rootObject = A4D59B672084C46E002350B5 /* Project object */;
}
