// !$*UTF8*$!
{
	archiveVersion = 1;
	classes = {
	};
	objectVersion = 50;
	objects = {

/* Begin PBXBuildFile section */
		1C82766395646B2DB0E55724 /* Pods_Streamer.framework in Frameworks */ = {isa = PBXBuildFile; fileRef = 0BAB2D7BDE9AD8A45AC3EA66 /* Pods_Streamer.framework */; };
		A470BD0C2084C4F400A48E14 /* Streamer.framework in Frameworks */ = {isa = PBXBuildFile; fileRef = A470BD022084C4F400A48E14 /* Streamer.framework */; };
		A470BD112084C4F400A48E14 /* StreamerTests.swift in Sources */ = {isa = PBXBuildFile; fileRef = A470BD102084C4F400A48E14 /* StreamerTests.swift */; };
		A470BD132084C4F400A48E14 /* Streamer.h in Headers */ = {isa = PBXBuildFile; fileRef = A470BD052084C4F400A48E14 /* Streamer.h */; settings = {ATTRIBUTES = (Public, ); }; };
		A4F50DD42084F2EE00E2E200 /* H264Decoder.swift in Sources */ = {isa = PBXBuildFile; fileRef = A4F50DD12084F2EE00E2E200 /* H264Decoder.swift */; };
		A4F50DD52084F2EE00E2E200 /* H264Encoder.swift in Sources */ = {isa = PBXBuildFile; fileRef = A4F50DD22084F2EE00E2E200 /* H264Encoder.swift */; };
		A4F50DD72084F30700E2E200 /* OutputStreamer.swift in Sources */ = {isa = PBXBuildFile; fileRef = A4F50DD62084F30700E2E200 /* OutputStreamer.swift */; };
		A4F50DD92084F31D00E2E200 /* InputStreamer.swift in Sources */ = {isa = PBXBuildFile; fileRef = A4F50DD82084F31D00E2E200 /* InputStreamer.swift */; };
		A4F50DEB2084F51100E2E200 /* CMFormatDescription+Extension.swift in Sources */ = {isa = PBXBuildFile; fileRef = A4F50DDF2084F51000E2E200 /* CMFormatDescription+Extension.swift */; };
		A4F50DEC2084F51100E2E200 /* CMAudioFormatDescription+Extension.swift in Sources */ = {isa = PBXBuildFile; fileRef = A4F50DE02084F51000E2E200 /* CMAudioFormatDescription+Extension.swift */; };
		A4F50DED2084F51100E2E200 /* CMVideoFormatDescription+Extension.swift in Sources */ = {isa = PBXBuildFile; fileRef = A4F50DE12084F51000E2E200 /* CMVideoFormatDescription+Extension.swift */; };
		A4F50DEE2084F51100E2E200 /* CMBlockBuffer+Extension.swift in Sources */ = {isa = PBXBuildFile; fileRef = A4F50DE22084F51000E2E200 /* CMBlockBuffer+Extension.swift */; };
		A4F50DEF2084F51100E2E200 /* Data+Extension.swift in Sources */ = {isa = PBXBuildFile; fileRef = A4F50DE32084F51000E2E200 /* Data+Extension.swift */; };
		A4F50DF02084F51100E2E200 /* URL+Extension.swift in Sources */ = {isa = PBXBuildFile; fileRef = A4F50DE42084F51000E2E200 /* URL+Extension.swift */; };
		A4F50DF12084F51100E2E200 /* Mirror+Extension.swift in Sources */ = {isa = PBXBuildFile; fileRef = A4F50DE52084F51000E2E200 /* Mirror+Extension.swift */; };
		A4F50DF22084F51100E2E200 /* CMSampleTimingInfo+Extension.swift in Sources */ = {isa = PBXBuildFile; fileRef = A4F50DE62084F51000E2E200 /* CMSampleTimingInfo+Extension.swift */; };
		A4F50DF32084F51100E2E200 /* VTSession+Extension.swift in Sources */ = {isa = PBXBuildFile; fileRef = A4F50DE72084F51000E2E200 /* VTSession+Extension.swift */; };
		A4F50DF42084F51100E2E200 /* ExpressibleByIntegerLiteral+Extension.swift in Sources */ = {isa = PBXBuildFile; fileRef = A4F50DE82084F51100E2E200 /* ExpressibleByIntegerLiteral+Extension.swift */; };
		A4F50DF52084F51100E2E200 /* CVPixelBuffer+Extension.swift in Sources */ = {isa = PBXBuildFile; fileRef = A4F50DE92084F51100E2E200 /* CVPixelBuffer+Extension.swift */; };
		A4F50DF62084F51100E2E200 /* CMSampleBuffer+Extension.swift in Sources */ = {isa = PBXBuildFile; fileRef = A4F50DEA2084F51100E2E200 /* CMSampleBuffer+Extension.swift */; };
		A4F50DF92084F59B00E2E200 /* H264+AVC.swift in Sources */ = {isa = PBXBuildFile; fileRef = A4F50DF82084F59B00E2E200 /* H264+AVC.swift */; };
		A4F50DFE2084F5C700E2E200 /* Constant.swift in Sources */ = {isa = PBXBuildFile; fileRef = A4F50DFC2084F5C700E2E200 /* Constant.swift */; };
		A4F50DFF2084F5C700E2E200 /* Protocol.swift in Sources */ = {isa = PBXBuildFile; fileRef = A4F50DFD2084F5C700E2E200 /* Protocol.swift */; };
		A4F50E012084F5CE00E2E200 /* ByteArray.swift in Sources */ = {isa = PBXBuildFile; fileRef = A4F50E002084F5CE00E2E200 /* ByteArray.swift */; };
/* End PBXBuildFile section */

/* Begin PBXContainerItemProxy section */
		A470BD0D2084C4F400A48E14 /* PBXContainerItemProxy */ = {
			isa = PBXContainerItemProxy;
			containerPortal = A470BCF92084C4F300A48E14 /* Project object */;
			proxyType = 1;
			remoteGlobalIDString = A470BD012084C4F400A48E14;
			remoteInfo = Streamer;
		};
/* End PBXContainerItemProxy section */

/* Begin PBXFileReference section */
		0BAB2D7BDE9AD8A45AC3EA66 /* Pods_Streamer.framework */ = {isa = PBXFileReference; explicitFileType = wrapper.framework; includeInIndex = 0; path = Pods_Streamer.framework; sourceTree = BUILT_PRODUCTS_DIR; };
		450649DB501B17164417E2C6 /* Pods-Streamer.release.xcconfig */ = {isa = PBXFileReference; includeInIndex = 1; lastKnownFileType = text.xcconfig; name = "Pods-Streamer.release.xcconfig"; path = "../Pods/Target Support Files/Pods-Streamer/Pods-Streamer.release.xcconfig"; sourceTree = "<group>"; };
		511813A6022E2C8797EFD10A /* Pods-Streamer.debug.xcconfig */ = {isa = PBXFileReference; includeInIndex = 1; lastKnownFileType = text.xcconfig; name = "Pods-Streamer.debug.xcconfig"; path = "../Pods/Target Support Files/Pods-Streamer/Pods-Streamer.debug.xcconfig"; sourceTree = "<group>"; };
		A470BD022084C4F400A48E14 /* Streamer.framework */ = {isa = PBXFileReference; explicitFileType = wrapper.framework; includeInIndex = 0; path = Streamer.framework; sourceTree = BUILT_PRODUCTS_DIR; };
		A470BD052084C4F400A48E14 /* Streamer.h */ = {isa = PBXFileReference; lastKnownFileType = sourcecode.c.h; path = Streamer.h; sourceTree = "<group>"; };
		A470BD062084C4F400A48E14 /* Info.plist */ = {isa = PBXFileReference; lastKnownFileType = text.plist.xml; path = Info.plist; sourceTree = "<group>"; };
		A470BD0B2084C4F400A48E14 /* StreamerTests.xctest */ = {isa = PBXFileReference; explicitFileType = wrapper.cfbundle; includeInIndex = 0; path = StreamerTests.xctest; sourceTree = BUILT_PRODUCTS_DIR; };
		A470BD102084C4F400A48E14 /* StreamerTests.swift */ = {isa = PBXFileReference; lastKnownFileType = sourcecode.swift; path = StreamerTests.swift; sourceTree = "<group>"; };
		A470BD122084C4F400A48E14 /* Info.plist */ = {isa = PBXFileReference; lastKnownFileType = text.plist.xml; path = Info.plist; sourceTree = "<group>"; };
		A4F50DD12084F2EE00E2E200 /* H264Decoder.swift */ = {isa = PBXFileReference; fileEncoding = 4; lastKnownFileType = sourcecode.swift; path = H264Decoder.swift; sourceTree = "<group>"; };
		A4F50DD22084F2EE00E2E200 /* H264Encoder.swift */ = {isa = PBXFileReference; fileEncoding = 4; lastKnownFileType = sourcecode.swift; path = H264Encoder.swift; sourceTree = "<group>"; };
		A4F50DD62084F30700E2E200 /* OutputStreamer.swift */ = {isa = PBXFileReference; fileEncoding = 4; lastKnownFileType = sourcecode.swift; path = OutputStreamer.swift; sourceTree = "<group>"; };
		A4F50DD82084F31D00E2E200 /* InputStreamer.swift */ = {isa = PBXFileReference; fileEncoding = 4; lastKnownFileType = sourcecode.swift; path = InputStreamer.swift; sourceTree = "<group>"; };
		A4F50DDF2084F51000E2E200 /* CMFormatDescription+Extension.swift */ = {isa = PBXFileReference; fileEncoding = 4; lastKnownFileType = sourcecode.swift; path = "CMFormatDescription+Extension.swift"; sourceTree = "<group>"; };
		A4F50DE02084F51000E2E200 /* CMAudioFormatDescription+Extension.swift */ = {isa = PBXFileReference; fileEncoding = 4; lastKnownFileType = sourcecode.swift; path = "CMAudioFormatDescription+Extension.swift"; sourceTree = "<group>"; };
		A4F50DE12084F51000E2E200 /* CMVideoFormatDescription+Extension.swift */ = {isa = PBXFileReference; fileEncoding = 4; lastKnownFileType = sourcecode.swift; path = "CMVideoFormatDescription+Extension.swift"; sourceTree = "<group>"; };
		A4F50DE22084F51000E2E200 /* CMBlockBuffer+Extension.swift */ = {isa = PBXFileReference; fileEncoding = 4; lastKnownFileType = sourcecode.swift; path = "CMBlockBuffer+Extension.swift"; sourceTree = "<group>"; };
		A4F50DE32084F51000E2E200 /* Data+Extension.swift */ = {isa = PBXFileReference; fileEncoding = 4; lastKnownFileType = sourcecode.swift; path = "Data+Extension.swift"; sourceTree = "<group>"; };
		A4F50DE42084F51000E2E200 /* URL+Extension.swift */ = {isa = PBXFileReference; fileEncoding = 4; lastKnownFileType = sourcecode.swift; path = "URL+Extension.swift"; sourceTree = "<group>"; };
		A4F50DE52084F51000E2E200 /* Mirror+Extension.swift */ = {isa = PBXFileReference; fileEncoding = 4; lastKnownFileType = sourcecode.swift; path = "Mirror+Extension.swift"; sourceTree = "<group>"; };
		A4F50DE62084F51000E2E200 /* CMSampleTimingInfo+Extension.swift */ = {isa = PBXFileReference; fileEncoding = 4; lastKnownFileType = sourcecode.swift; path = "CMSampleTimingInfo+Extension.swift"; sourceTree = "<group>"; };
		A4F50DE72084F51000E2E200 /* VTSession+Extension.swift */ = {isa = PBXFileReference; fileEncoding = 4; lastKnownFileType = sourcecode.swift; path = "VTSession+Extension.swift"; sourceTree = "<group>"; };
		A4F50DE82084F51100E2E200 /* ExpressibleByIntegerLiteral+Extension.swift */ = {isa = PBXFileReference; fileEncoding = 4; lastKnownFileType = sourcecode.swift; path = "ExpressibleByIntegerLiteral+Extension.swift"; sourceTree = "<group>"; };
		A4F50DE92084F51100E2E200 /* CVPixelBuffer+Extension.swift */ = {isa = PBXFileReference; fileEncoding = 4; lastKnownFileType = sourcecode.swift; path = "CVPixelBuffer+Extension.swift"; sourceTree = "<group>"; };
		A4F50DEA2084F51100E2E200 /* CMSampleBuffer+Extension.swift */ = {isa = PBXFileReference; fileEncoding = 4; lastKnownFileType = sourcecode.swift; path = "CMSampleBuffer+Extension.swift"; sourceTree = "<group>"; };
		A4F50DF82084F59B00E2E200 /* H264+AVC.swift */ = {isa = PBXFileReference; fileEncoding = 4; lastKnownFileType = sourcecode.swift; path = "H264+AVC.swift"; sourceTree = "<group>"; };
		A4F50DFC2084F5C700E2E200 /* Constant.swift */ = {isa = PBXFileReference; fileEncoding = 4; lastKnownFileType = sourcecode.swift; path = Constant.swift; sourceTree = "<group>"; };
		A4F50DFD2084F5C700E2E200 /* Protocol.swift */ = {isa = PBXFileReference; fileEncoding = 4; lastKnownFileType = sourcecode.swift; path = Protocol.swift; sourceTree = "<group>"; };
		A4F50E002084F5CE00E2E200 /* ByteArray.swift */ = {isa = PBXFileReference; fileEncoding = 4; lastKnownFileType = sourcecode.swift; path = ByteArray.swift; sourceTree = "<group>"; };
/* End PBXFileReference section */

/* Begin PBXFrameworksBuildPhase section */
		A470BCFE2084C4F400A48E14 /* Frameworks */ = {
			isa = PBXFrameworksBuildPhase;
			buildActionMask = 2147483647;
			files = (
				1C82766395646B2DB0E55724 /* Pods_Streamer.framework in Frameworks */,
			);
			runOnlyForDeploymentPostprocessing = 0;
		};
		A470BD082084C4F400A48E14 /* Frameworks */ = {
			isa = PBXFrameworksBuildPhase;
			buildActionMask = 2147483647;
			files = (
				A470BD0C2084C4F400A48E14 /* Streamer.framework in Frameworks */,
			);
			runOnlyForDeploymentPostprocessing = 0;
		};
/* End PBXFrameworksBuildPhase section */

/* Begin PBXGroup section */
		0E4C4C824A2D3A96FC7252EB /* Frameworks */ = {
			isa = PBXGroup;
			children = (
				0BAB2D7BDE9AD8A45AC3EA66 /* Pods_Streamer.framework */,
			);
			name = Frameworks;
			sourceTree = "<group>";
		};
		7C940B09E9E4E79DD1EEC866 /* Pods */ = {
			isa = PBXGroup;
			children = (
				511813A6022E2C8797EFD10A /* Pods-Streamer.debug.xcconfig */,
				450649DB501B17164417E2C6 /* Pods-Streamer.release.xcconfig */,
			);
			name = Pods;
			sourceTree = "<group>";
		};
		A470BCF82084C4F300A48E14 = {
			isa = PBXGroup;
			children = (
				A470BD042084C4F400A48E14 /* Streamer */,
				A470BD0F2084C4F400A48E14 /* StreamerTests */,
				A470BD032084C4F400A48E14 /* Products */,
				7C940B09E9E4E79DD1EEC866 /* Pods */,
				0E4C4C824A2D3A96FC7252EB /* Frameworks */,
			);
			sourceTree = "<group>";
		};
		A470BD032084C4F400A48E14 /* Products */ = {
			isa = PBXGroup;
			children = (
				A470BD022084C4F400A48E14 /* Streamer.framework */,
				A470BD0B2084C4F400A48E14 /* StreamerTests.xctest */,
			);
			name = Products;
			sourceTree = "<group>";
		};
		A470BD042084C4F400A48E14 /* Streamer */ = {
			isa = PBXGroup;
			children = (
				A470BD052084C4F400A48E14 /* Streamer.h */,
				A4F50DFB2084F5BC00E2E200 /* Core */,
				A4F50DFA2084F5B400E2E200 /* Util */,
				A4F50DF72084F59000E2E200 /* ISO */,
				A4F50DDE2084F50500E2E200 /* Extension */,
				A4F50DD12084F2EE00E2E200 /* H264Decoder.swift */,
				A4F50DD22084F2EE00E2E200 /* H264Encoder.swift */,
				A4F50DD62084F30700E2E200 /* OutputStreamer.swift */,
				A4F50DD82084F31D00E2E200 /* InputStreamer.swift */,
				A470BD062084C4F400A48E14 /* Info.plist */,
			);
			path = Streamer;
			sourceTree = "<group>";
		};
		A470BD0F2084C4F400A48E14 /* StreamerTests */ = {
			isa = PBXGroup;
			children = (
				A470BD102084C4F400A48E14 /* StreamerTests.swift */,
				A470BD122084C4F400A48E14 /* Info.plist */,
			);
			path = StreamerTests;
			sourceTree = "<group>";
		};
		A4F50DDE2084F50500E2E200 /* Extension */ = {
			isa = PBXGroup;
			children = (
				A4F50DE02084F51000E2E200 /* CMAudioFormatDescription+Extension.swift */,
				A4F50DE22084F51000E2E200 /* CMBlockBuffer+Extension.swift */,
				A4F50DDF2084F51000E2E200 /* CMFormatDescription+Extension.swift */,
				A4F50DEA2084F51100E2E200 /* CMSampleBuffer+Extension.swift */,
				A4F50DE62084F51000E2E200 /* CMSampleTimingInfo+Extension.swift */,
				A4F50DE12084F51000E2E200 /* CMVideoFormatDescription+Extension.swift */,
				A4F50DE92084F51100E2E200 /* CVPixelBuffer+Extension.swift */,
				A4F50DE32084F51000E2E200 /* Data+Extension.swift */,
				A4F50DE82084F51100E2E200 /* ExpressibleByIntegerLiteral+Extension.swift */,
				A4F50DE52084F51000E2E200 /* Mirror+Extension.swift */,
				A4F50DE42084F51000E2E200 /* URL+Extension.swift */,
				A4F50DE72084F51000E2E200 /* VTSession+Extension.swift */,
			);
			path = Extension;
			sourceTree = "<group>";
		};
		A4F50DF72084F59000E2E200 /* ISO */ = {
			isa = PBXGroup;
			children = (
				A4F50DF82084F59B00E2E200 /* H264+AVC.swift */,
			);
			path = ISO;
			sourceTree = "<group>";
		};
		A4F50DFA2084F5B400E2E200 /* Util */ = {
			isa = PBXGroup;
			children = (
				A4F50E002084F5CE00E2E200 /* ByteArray.swift */,
			);
			path = Util;
			sourceTree = "<group>";
		};
		A4F50DFB2084F5BC00E2E200 /* Core */ = {
			isa = PBXGroup;
			children = (
				A4F50DFC2084F5C700E2E200 /* Constant.swift */,
				A4F50DFD2084F5C700E2E200 /* Protocol.swift */,
			);
			path = Core;
			sourceTree = "<group>";
		};
/* End PBXGroup section */

/* Begin PBXHeadersBuildPhase section */
		A470BCFF2084C4F400A48E14 /* Headers */ = {
			isa = PBXHeadersBuildPhase;
			buildActionMask = 2147483647;
			files = (
				A470BD132084C4F400A48E14 /* Streamer.h in Headers */,
			);
			runOnlyForDeploymentPostprocessing = 0;
		};
/* End PBXHeadersBuildPhase section */

/* Begin PBXNativeTarget section */
		A470BD012084C4F400A48E14 /* Streamer */ = {
			isa = PBXNativeTarget;
			buildConfigurationList = A470BD162084C4F400A48E14 /* Build configuration list for PBXNativeTarget "Streamer" */;
			buildPhases = (
				B8A557FE6C28C28EE572DA63 /* [CP] Check Pods Manifest.lock */,
				A470BCFD2084C4F400A48E14 /* Sources */,
				A470BCFE2084C4F400A48E14 /* Frameworks */,
				A470BCFF2084C4F400A48E14 /* Headers */,
				A470BD002084C4F400A48E14 /* Resources */,
			);
			buildRules = (
			);
			dependencies = (
			);
			name = Streamer;
			productName = Streamer;
			productReference = A470BD022084C4F400A48E14 /* Streamer.framework */;
			productType = "com.apple.product-type.framework";
		};
		A470BD0A2084C4F400A48E14 /* StreamerTests */ = {
			isa = PBXNativeTarget;
			buildConfigurationList = A470BD192084C4F400A48E14 /* Build configuration list for PBXNativeTarget "StreamerTests" */;
			buildPhases = (
				A470BD072084C4F400A48E14 /* Sources */,
				A470BD082084C4F400A48E14 /* Frameworks */,
				A470BD092084C4F400A48E14 /* Resources */,
			);
			buildRules = (
			);
			dependencies = (
				A470BD0E2084C4F400A48E14 /* PBXTargetDependency */,
			);
			name = StreamerTests;
			productName = StreamerTests;
			productReference = A470BD0B2084C4F400A48E14 /* StreamerTests.xctest */;
			productType = "com.apple.product-type.bundle.unit-test";
		};
/* End PBXNativeTarget section */

/* Begin PBXProject section */
		A470BCF92084C4F300A48E14 /* Project object */ = {
			isa = PBXProject;
			attributes = {
				LastSwiftUpdateCheck = 0930;
				LastUpgradeCheck = 0930;
				ORGANIZATIONNAME = ExSitu;
				TargetAttributes = {
					A470BD012084C4F400A48E14 = {
						CreatedOnToolsVersion = 9.3;
						LastSwiftMigration = 0930;
					};
					A470BD0A2084C4F400A48E14 = {
						CreatedOnToolsVersion = 9.3;
					};
				};
			};
			buildConfigurationList = A470BCFC2084C4F300A48E14 /* Build configuration list for PBXProject "Streamer" */;
			compatibilityVersion = "Xcode 9.3";
			developmentRegion = en;
			hasScannedForEncodings = 0;
			knownRegions = (
				en,
			);
			mainGroup = A470BCF82084C4F300A48E14;
			productRefGroup = A470BD032084C4F400A48E14 /* Products */;
			projectDirPath = "";
			projectRoot = "";
			targets = (
				A470BD012084C4F400A48E14 /* Streamer */,
				A470BD0A2084C4F400A48E14 /* StreamerTests */,
			);
		};
/* End PBXProject section */

/* Begin PBXResourcesBuildPhase section */
		A470BD002084C4F400A48E14 /* Resources */ = {
			isa = PBXResourcesBuildPhase;
			buildActionMask = 2147483647;
			files = (
			);
			runOnlyForDeploymentPostprocessing = 0;
		};
		A470BD092084C4F400A48E14 /* Resources */ = {
			isa = PBXResourcesBuildPhase;
			buildActionMask = 2147483647;
			files = (
			);
			runOnlyForDeploymentPostprocessing = 0;
		};
/* End PBXResourcesBuildPhase section */

/* Begin PBXShellScriptBuildPhase section */
		B8A557FE6C28C28EE572DA63 /* [CP] Check Pods Manifest.lock */ = {
			isa = PBXShellScriptBuildPhase;
			buildActionMask = 2147483647;
			files = (
			);
			inputPaths = (
				"${PODS_PODFILE_DIR_PATH}/Podfile.lock",
				"${PODS_ROOT}/Manifest.lock",
			);
			name = "[CP] Check Pods Manifest.lock";
			outputPaths = (
				"$(DERIVED_FILE_DIR)/Pods-Streamer-checkManifestLockResult.txt",
			);
			runOnlyForDeploymentPostprocessing = 0;
			shellPath = /bin/sh;
			shellScript = "diff \"${PODS_PODFILE_DIR_PATH}/Podfile.lock\" \"${PODS_ROOT}/Manifest.lock\" > /dev/null\nif [ $? != 0 ] ; then\n    # print error to STDERR\n    echo \"error: The sandbox is not in sync with the Podfile.lock. Run 'pod install' or update your CocoaPods installation.\" >&2\n    exit 1\nfi\n# This output is used by Xcode 'outputs' to avoid re-running this script phase.\necho \"SUCCESS\" > \"${SCRIPT_OUTPUT_FILE_0}\"\n";
			showEnvVarsInLog = 0;
		};
/* End PBXShellScriptBuildPhase section */

/* Begin PBXSourcesBuildPhase section */
		A470BCFD2084C4F400A48E14 /* Sources */ = {
			isa = PBXSourcesBuildPhase;
			buildActionMask = 2147483647;
			files = (
				A4F50DD52084F2EE00E2E200 /* H264Encoder.swift in Sources */,
				A4F50DF22084F51100E2E200 /* CMSampleTimingInfo+Extension.swift in Sources */,
				A4F50DEB2084F51100E2E200 /* CMFormatDescription+Extension.swift in Sources */,
				A4F50DF52084F51100E2E200 /* CVPixelBuffer+Extension.swift in Sources */,
				A4F50DF12084F51100E2E200 /* Mirror+Extension.swift in Sources */,
				A4F50DEC2084F51100E2E200 /* CMAudioFormatDescription+Extension.swift in Sources */,
				A4F50DD72084F30700E2E200 /* OutputStreamer.swift in Sources */,
				A4F50DD92084F31D00E2E200 /* InputStreamer.swift in Sources */,
				A4F50DF02084F51100E2E200 /* URL+Extension.swift in Sources */,
				A4F50DFF2084F5C700E2E200 /* Protocol.swift in Sources */,
				A4F50DEE2084F51100E2E200 /* CMBlockBuffer+Extension.swift in Sources */,
				A4F50DF92084F59B00E2E200 /* H264+AVC.swift in Sources */,
				A4F50DFE2084F5C700E2E200 /* Constant.swift in Sources */,
				A4F50DF32084F51100E2E200 /* VTSession+Extension.swift in Sources */,
				A4F50DF42084F51100E2E200 /* ExpressibleByIntegerLiteral+Extension.swift in Sources */,
				A4F50DD42084F2EE00E2E200 /* H264Decoder.swift in Sources */,
				A4F50DEF2084F51100E2E200 /* Data+Extension.swift in Sources */,
				A4F50E012084F5CE00E2E200 /* ByteArray.swift in Sources */,
				A4F50DED2084F51100E2E200 /* CMVideoFormatDescription+Extension.swift in Sources */,
				A4F50DF62084F51100E2E200 /* CMSampleBuffer+Extension.swift in Sources */,
			);
			runOnlyForDeploymentPostprocessing = 0;
		};
		A470BD072084C4F400A48E14 /* Sources */ = {
			isa = PBXSourcesBuildPhase;
			buildActionMask = 2147483647;
			files = (
				A470BD112084C4F400A48E14 /* StreamerTests.swift in Sources */,
			);
			runOnlyForDeploymentPostprocessing = 0;
		};
/* End PBXSourcesBuildPhase section */

/* Begin PBXTargetDependency section */
		A470BD0E2084C4F400A48E14 /* PBXTargetDependency */ = {
			isa = PBXTargetDependency;
			target = A470BD012084C4F400A48E14 /* Streamer */;
			targetProxy = A470BD0D2084C4F400A48E14 /* PBXContainerItemProxy */;
		};
/* End PBXTargetDependency section */

/* Begin XCBuildConfiguration section */
		A470BD142084C4F400A48E14 /* Debug */ = {
			isa = XCBuildConfiguration;
			buildSettings = {
				ALWAYS_SEARCH_USER_PATHS = NO;
				CLANG_ANALYZER_NONNULL = YES;
				CLANG_ANALYZER_NUMBER_OBJECT_CONVERSION = YES_AGGRESSIVE;
				CLANG_CXX_LANGUAGE_STANDARD = "gnu++14";
				CLANG_CXX_LIBRARY = "libc++";
				CLANG_ENABLE_MODULES = YES;
				CLANG_ENABLE_OBJC_ARC = YES;
				CLANG_ENABLE_OBJC_WEAK = YES;
				CLANG_WARN_BLOCK_CAPTURE_AUTORELEASING = YES;
				CLANG_WARN_BOOL_CONVERSION = YES;
				CLANG_WARN_COMMA = YES;
				CLANG_WARN_CONSTANT_CONVERSION = YES;
				CLANG_WARN_DEPRECATED_OBJC_IMPLEMENTATIONS = YES;
				CLANG_WARN_DIRECT_OBJC_ISA_USAGE = YES_ERROR;
				CLANG_WARN_DOCUMENTATION_COMMENTS = YES;
				CLANG_WARN_EMPTY_BODY = YES;
				CLANG_WARN_ENUM_CONVERSION = YES;
				CLANG_WARN_INFINITE_RECURSION = YES;
				CLANG_WARN_INT_CONVERSION = YES;
				CLANG_WARN_NON_LITERAL_NULL_CONVERSION = YES;
				CLANG_WARN_OBJC_IMPLICIT_RETAIN_SELF = YES;
				CLANG_WARN_OBJC_LITERAL_CONVERSION = YES;
				CLANG_WARN_OBJC_ROOT_CLASS = YES_ERROR;
				CLANG_WARN_RANGE_LOOP_ANALYSIS = YES;
				CLANG_WARN_STRICT_PROTOTYPES = YES;
				CLANG_WARN_SUSPICIOUS_MOVE = YES;
				CLANG_WARN_UNGUARDED_AVAILABILITY = YES_AGGRESSIVE;
				CLANG_WARN_UNREACHABLE_CODE = YES;
				CLANG_WARN__DUPLICATE_METHOD_MATCH = YES;
				CODE_SIGN_IDENTITY = "iPhone Developer";
				COPY_PHASE_STRIP = NO;
				CURRENT_PROJECT_VERSION = 1;
				DEBUG_INFORMATION_FORMAT = dwarf;
				ENABLE_STRICT_OBJC_MSGSEND = YES;
				ENABLE_TESTABILITY = YES;
				GCC_C_LANGUAGE_STANDARD = gnu11;
				GCC_DYNAMIC_NO_PIC = NO;
				GCC_NO_COMMON_BLOCKS = YES;
				GCC_OPTIMIZATION_LEVEL = 0;
				GCC_PREPROCESSOR_DEFINITIONS = (
					"DEBUG=1",
					"$(inherited)",
				);
				GCC_WARN_64_TO_32_BIT_CONVERSION = YES;
				GCC_WARN_ABOUT_RETURN_TYPE = YES_ERROR;
				GCC_WARN_UNDECLARED_SELECTOR = YES;
				GCC_WARN_UNINITIALIZED_AUTOS = YES_AGGRESSIVE;
				GCC_WARN_UNUSED_FUNCTION = YES;
				GCC_WARN_UNUSED_VARIABLE = YES;
				IPHONEOS_DEPLOYMENT_TARGET = 11.3;
				MTL_ENABLE_DEBUG_INFO = YES;
				ONLY_ACTIVE_ARCH = YES;
				SDKROOT = iphoneos;
				SWIFT_ACTIVE_COMPILATION_CONDITIONS = DEBUG;
				SWIFT_OPTIMIZATION_LEVEL = "-Onone";
				VERSIONING_SYSTEM = "apple-generic";
				VERSION_INFO_PREFIX = "";
			};
			name = Debug;
		};
		A470BD152084C4F400A48E14 /* Release */ = {
			isa = XCBuildConfiguration;
			buildSettings = {
				ALWAYS_SEARCH_USER_PATHS = NO;
				CLANG_ANALYZER_NONNULL = YES;
				CLANG_ANALYZER_NUMBER_OBJECT_CONVERSION = YES_AGGRESSIVE;
				CLANG_CXX_LANGUAGE_STANDARD = "gnu++14";
				CLANG_CXX_LIBRARY = "libc++";
				CLANG_ENABLE_MODULES = YES;
				CLANG_ENABLE_OBJC_ARC = YES;
				CLANG_ENABLE_OBJC_WEAK = YES;
				CLANG_WARN_BLOCK_CAPTURE_AUTORELEASING = YES;
				CLANG_WARN_BOOL_CONVERSION = YES;
				CLANG_WARN_COMMA = YES;
				CLANG_WARN_CONSTANT_CONVERSION = YES;
				CLANG_WARN_DEPRECATED_OBJC_IMPLEMENTATIONS = YES;
				CLANG_WARN_DIRECT_OBJC_ISA_USAGE = YES_ERROR;
				CLANG_WARN_DOCUMENTATION_COMMENTS = YES;
				CLANG_WARN_EMPTY_BODY = YES;
				CLANG_WARN_ENUM_CONVERSION = YES;
				CLANG_WARN_INFINITE_RECURSION = YES;
				CLANG_WARN_INT_CONVERSION = YES;
				CLANG_WARN_NON_LITERAL_NULL_CONVERSION = YES;
				CLANG_WARN_OBJC_IMPLICIT_RETAIN_SELF = YES;
				CLANG_WARN_OBJC_LITERAL_CONVERSION = YES;
				CLANG_WARN_OBJC_ROOT_CLASS = YES_ERROR;
				CLANG_WARN_RANGE_LOOP_ANALYSIS = YES;
				CLANG_WARN_STRICT_PROTOTYPES = YES;
				CLANG_WARN_SUSPICIOUS_MOVE = YES;
				CLANG_WARN_UNGUARDED_AVAILABILITY = YES_AGGRESSIVE;
				CLANG_WARN_UNREACHABLE_CODE = YES;
				CLANG_WARN__DUPLICATE_METHOD_MATCH = YES;
				CODE_SIGN_IDENTITY = "iPhone Developer";
				COPY_PHASE_STRIP = NO;
				CURRENT_PROJECT_VERSION = 1;
				DEBUG_INFORMATION_FORMAT = "dwarf-with-dsym";
				ENABLE_NS_ASSERTIONS = NO;
				ENABLE_STRICT_OBJC_MSGSEND = YES;
				GCC_C_LANGUAGE_STANDARD = gnu11;
				GCC_NO_COMMON_BLOCKS = YES;
				GCC_WARN_64_TO_32_BIT_CONVERSION = YES;
				GCC_WARN_ABOUT_RETURN_TYPE = YES_ERROR;
				GCC_WARN_UNDECLARED_SELECTOR = YES;
				GCC_WARN_UNINITIALIZED_AUTOS = YES_AGGRESSIVE;
				GCC_WARN_UNUSED_FUNCTION = YES;
				GCC_WARN_UNUSED_VARIABLE = YES;
				IPHONEOS_DEPLOYMENT_TARGET = 11.3;
				MTL_ENABLE_DEBUG_INFO = NO;
				SDKROOT = iphoneos;
				SWIFT_COMPILATION_MODE = wholemodule;
				SWIFT_OPTIMIZATION_LEVEL = "-O";
				VALIDATE_PRODUCT = YES;
				VERSIONING_SYSTEM = "apple-generic";
				VERSION_INFO_PREFIX = "";
			};
			name = Release;
		};
		A470BD172084C4F400A48E14 /* Debug */ = {
			isa = XCBuildConfiguration;
			baseConfigurationReference = 511813A6022E2C8797EFD10A /* Pods-Streamer.debug.xcconfig */;
			buildSettings = {
				CLANG_ENABLE_MODULES = YES;
				CODE_SIGN_IDENTITY = "";
				CODE_SIGN_STYLE = Automatic;
				DEFINES_MODULE = YES;
				DEVELOPMENT_TEAM = 7HVPEZWBRD;
				DYLIB_COMPATIBILITY_VERSION = 1;
				DYLIB_CURRENT_VERSION = 1;
				DYLIB_INSTALL_NAME_BASE = "@rpath";
				INFOPLIST_FILE = Streamer/Info.plist;
				INSTALL_PATH = "$(LOCAL_LIBRARY_DIR)/Frameworks";
				LD_RUNPATH_SEARCH_PATHS = (
					"$(inherited)",
					"@executable_path/Frameworks",
					"@loader_path/Frameworks",
				);
				PRODUCT_BUNDLE_IDENTIFIER = "ex-situ.lri.fr.Streamer";
				PRODUCT_NAME = "$(TARGET_NAME:c99extidentifier)";
				SKIP_INSTALL = YES;
				SWIFT_OPTIMIZATION_LEVEL = "-Onone";
				SWIFT_VERSION = 4.0;
				TARGETED_DEVICE_FAMILY = "1,2";
			};
			name = Debug;
		};
		A470BD182084C4F400A48E14 /* Release */ = {
			isa = XCBuildConfiguration;
			baseConfigurationReference = 450649DB501B17164417E2C6 /* Pods-Streamer.release.xcconfig */;
			buildSettings = {
				CLANG_ENABLE_MODULES = YES;
				CODE_SIGN_IDENTITY = "";
				CODE_SIGN_STYLE = Automatic;
				DEFINES_MODULE = YES;
				DEVELOPMENT_TEAM = 7HVPEZWBRD;
				DYLIB_COMPATIBILITY_VERSION = 1;
				DYLIB_CURRENT_VERSION = 1;
				DYLIB_INSTALL_NAME_BASE = "@rpath";
				INFOPLIST_FILE = Streamer/Info.plist;
				INSTALL_PATH = "$(LOCAL_LIBRARY_DIR)/Frameworks";
				LD_RUNPATH_SEARCH_PATHS = (
					"$(inherited)",
					"@executable_path/Frameworks",
					"@loader_path/Frameworks",
				);
				PRODUCT_BUNDLE_IDENTIFIER = "ex-situ.lri.fr.Streamer";
				PRODUCT_NAME = "$(TARGET_NAME:c99extidentifier)";
				SKIP_INSTALL = YES;
				SWIFT_VERSION = 4.0;
				TARGETED_DEVICE_FAMILY = "1,2";
			};
			name = Release;
		};
		A470BD1A2084C4F400A48E14 /* Debug */ = {
			isa = XCBuildConfiguration;
			buildSettings = {
				ALWAYS_EMBED_SWIFT_STANDARD_LIBRARIES = YES;
				CODE_SIGN_STYLE = Automatic;
				DEVELOPMENT_TEAM = 7HVPEZWBRD;
				INFOPLIST_FILE = StreamerTests/Info.plist;
				LD_RUNPATH_SEARCH_PATHS = (
					"$(inherited)",
					"@executable_path/Frameworks",
					"@loader_path/Frameworks",
				);
				PRODUCT_BUNDLE_IDENTIFIER = "ex-situ.lri.fr.StreamerTests";
				PRODUCT_NAME = "$(TARGET_NAME)";
				SWIFT_VERSION = 4.0;
				TARGETED_DEVICE_FAMILY = "1,2";
			};
			name = Debug;
		};
		A470BD1B2084C4F400A48E14 /* Release */ = {
			isa = XCBuildConfiguration;
			buildSettings = {
				ALWAYS_EMBED_SWIFT_STANDARD_LIBRARIES = YES;
				CODE_SIGN_STYLE = Automatic;
				DEVELOPMENT_TEAM = 7HVPEZWBRD;
				INFOPLIST_FILE = StreamerTests/Info.plist;
				LD_RUNPATH_SEARCH_PATHS = (
					"$(inherited)",
					"@executable_path/Frameworks",
					"@loader_path/Frameworks",
				);
				PRODUCT_BUNDLE_IDENTIFIER = "ex-situ.lri.fr.StreamerTests";
				PRODUCT_NAME = "$(TARGET_NAME)";
				SWIFT_VERSION = 4.0;
				TARGETED_DEVICE_FAMILY = "1,2";
			};
			name = Release;
		};
/* End XCBuildConfiguration section */

/* Begin XCConfigurationList section */
		A470BCFC2084C4F300A48E14 /* Build configuration list for PBXProject "Streamer" */ = {
			isa = XCConfigurationList;
			buildConfigurations = (
				A470BD142084C4F400A48E14 /* Debug */,
				A470BD152084C4F400A48E14 /* Release */,
			);
			defaultConfigurationIsVisible = 0;
			defaultConfigurationName = Release;
		};
		A470BD162084C4F400A48E14 /* Build configuration list for PBXNativeTarget "Streamer" */ = {
			isa = XCConfigurationList;
			buildConfigurations = (
				A470BD172084C4F400A48E14 /* Debug */,
				A470BD182084C4F400A48E14 /* Release */,
			);
			defaultConfigurationIsVisible = 0;
			defaultConfigurationName = Release;
		};
		A470BD192084C4F400A48E14 /* Build configuration list for PBXNativeTarget "StreamerTests" */ = {
			isa = XCConfigurationList;
			buildConfigurations = (
				A470BD1A2084C4F400A48E14 /* Debug */,
				A470BD1B2084C4F400A48E14 /* Release */,
			);
			defaultConfigurationIsVisible = 0;
			defaultConfigurationName = Release;
		};
/* End XCConfigurationList section */
	};
	rootObject = A470BCF92084C4F300A48E14 /* Project object */;
}
